// !$*UTF8*$!
{
	archiveVersion = 1;
	classes = {
	};
	objectVersion = 46;
	objects = {

/* Begin PBXBuildFile section */
		8D709B721BBC4CE100030464 /* InboxViewController.swift in Sources */ = {isa = PBXBuildFile; fileRef = 8D709B711BBC4CE100030464 /* InboxViewController.swift */; };
		8D709B741BBC54C200030464 /* MessageContainerViewController.swift in Sources */ = {isa = PBXBuildFile; fileRef = 8D709B731BBC54C200030464 /* MessageContainerViewController.swift */; };
		8D709B761BBC6BF200030464 /* MainContainerViewController.swift in Sources */ = {isa = PBXBuildFile; fileRef = 8D709B751BBC6BF200030464 /* MainContainerViewController.swift */; };
		8D94532B1BBC47B3000F123D /* AppDelegate.swift in Sources */ = {isa = PBXBuildFile; fileRef = 8D94532A1BBC47B3000F123D /* AppDelegate.swift */; };
		8D9453301BBC47B3000F123D /* Main.storyboard in Resources */ = {isa = PBXBuildFile; fileRef = 8D94532E1BBC47B3000F123D /* Main.storyboard */; };
		8D9453321BBC47B3000F123D /* Assets.xcassets in Resources */ = {isa = PBXBuildFile; fileRef = 8D9453311BBC47B3000F123D /* Assets.xcassets */; };
		8D9453401BBC47B3000F123D /* MailboxTests.swift in Sources */ = {isa = PBXBuildFile; fileRef = 8D94533F1BBC47B3000F123D /* MailboxTests.swift */; };
		8D94534B1BBC47B3000F123D /* MailboxUITests.swift in Sources */ = {isa = PBXBuildFile; fileRef = 8D94534A1BBC47B3000F123D /* MailboxUITests.swift */; };
/* End PBXBuildFile section */

/* Begin PBXContainerItemProxy section */
		8D94533C1BBC47B3000F123D /* PBXContainerItemProxy */ = {
			isa = PBXContainerItemProxy;
			containerPortal = 8D94531F1BBC47B3000F123D /* Project object */;
			proxyType = 1;
			remoteGlobalIDString = 8D9453261BBC47B3000F123D;
			remoteInfo = Mailbox;
		};
		8D9453471BBC47B3000F123D /* PBXContainerItemProxy */ = {
			isa = PBXContainerItemProxy;
			containerPortal = 8D94531F1BBC47B3000F123D /* Project object */;
			proxyType = 1;
			remoteGlobalIDString = 8D9453261BBC47B3000F123D;
			remoteInfo = Mailbox;
		};
/* End PBXContainerItemProxy section */

/* Begin PBXFileReference section */
		8D709B711BBC4CE100030464 /* InboxViewController.swift */ = {isa = PBXFileReference; fileEncoding = 4; lastKnownFileType = sourcecode.swift; path = InboxViewController.swift; sourceTree = "<group>"; };
		8D709B731BBC54C200030464 /* MessageContainerViewController.swift */ = {isa = PBXFileReference; fileEncoding = 4; lastKnownFileType = sourcecode.swift; path = MessageContainerViewController.swift; sourceTree = "<group>"; };
		8D709B751BBC6BF200030464 /* MainContainerViewController.swift */ = {isa = PBXFileReference; fileEncoding = 4; lastKnownFileType = sourcecode.swift; path = MainContainerViewController.swift; sourceTree = "<group>"; };
		8D9453271BBC47B3000F123D /* Mailbox.app */ = {isa = PBXFileReference; explicitFileType = wrapper.application; includeInIndex = 0; path = Mailbox.app; sourceTree = BUILT_PRODUCTS_DIR; };
		8D94532A1BBC47B3000F123D /* AppDelegate.swift */ = {isa = PBXFileReference; lastKnownFileType = sourcecode.swift; path = AppDelegate.swift; sourceTree = "<group>"; };
		8D94532F1BBC47B3000F123D /* Base */ = {isa = PBXFileReference; lastKnownFileType = file.storyboard; name = Base; path = Base.lproj/Main.storyboard; sourceTree = "<group>"; };
		8D9453311BBC47B3000F123D /* Assets.xcassets */ = {isa = PBXFileReference; lastKnownFileType = folder.assetcatalog; path = Assets.xcassets; sourceTree = "<group>"; };
		8D9453361BBC47B3000F123D /* Info.plist */ = {isa = PBXFileReference; lastKnownFileType = text.plist.xml; path = Info.plist; sourceTree = "<group>"; };
		8D94533B1BBC47B3000F123D /* MailboxTests.xctest */ = {isa = PBXFileReference; explicitFileType = wrapper.cfbundle; includeInIndex = 0; path = MailboxTests.xctest; sourceTree = BUILT_PRODUCTS_DIR; };
		8D94533F1BBC47B3000F123D /* MailboxTests.swift */ = {isa = PBXFileReference; lastKnownFileType = sourcecode.swift; path = MailboxTests.swift; sourceTree = "<group>"; };
		8D9453411BBC47B3000F123D /* Info.plist */ = {isa = PBXFileReference; lastKnownFileType = text.plist.xml; path = Info.plist; sourceTree = "<group>"; };
		8D9453461BBC47B3000F123D /* MailboxUITests.xctest */ = {isa = PBXFileReference; explicitFileType = wrapper.cfbundle; includeInIndex = 0; path = MailboxUITests.xctest; sourceTree = BUILT_PRODUCTS_DIR; };
		8D94534A1BBC47B3000F123D /* MailboxUITests.swift */ = {isa = PBXFileReference; lastKnownFileType = sourcecode.swift; path = MailboxUITests.swift; sourceTree = "<group>"; };
		8D94534C1BBC47B3000F123D /* Info.plist */ = {isa = PBXFileReference; lastKnownFileType = text.plist.xml; path = Info.plist; sourceTree = "<group>"; };
/* End PBXFileReference section */

/* Begin PBXFrameworksBuildPhase section */
		8D9453241BBC47B3000F123D /* Frameworks */ = {
			isa = PBXFrameworksBuildPhase;
			buildActionMask = 2147483647;
			files = (
			);
			runOnlyForDeploymentPostprocessing = 0;
		};
		8D9453381BBC47B3000F123D /* Frameworks */ = {
			isa = PBXFrameworksBuildPhase;
			buildActionMask = 2147483647;
			files = (
			);
			runOnlyForDeploymentPostprocessing = 0;
		};
		8D9453431BBC47B3000F123D /* Frameworks */ = {
			isa = PBXFrameworksBuildPhase;
			buildActionMask = 2147483647;
			files = (
			);
			runOnlyForDeploymentPostprocessing = 0;
		};
/* End PBXFrameworksBuildPhase section */

/* Begin PBXGroup section */
		8D94531E1BBC47B3000F123D = {
			isa = PBXGroup;
			children = (
				8D9453291BBC47B3000F123D /* Mailbox */,
				8D94533E1BBC47B3000F123D /* MailboxTests */,
				8D9453491BBC47B3000F123D /* MailboxUITests */,
				8D9453281BBC47B3000F123D /* Products */,
			);
			sourceTree = "<group>";
		};
		8D9453281BBC47B3000F123D /* Products */ = {
			isa = PBXGroup;
			children = (
				8D9453271BBC47B3000F123D /* Mailbox.app */,
				8D94533B1BBC47B3000F123D /* MailboxTests.xctest */,
				8D9453461BBC47B3000F123D /* MailboxUITests.xctest */,
			);
			name = Products;
			sourceTree = "<group>";
		};
		8D9453291BBC47B3000F123D /* Mailbox */ = {
			isa = PBXGroup;
			children = (
				8D709B751BBC6BF200030464 /* MainContainerViewController.swift */,
				8D709B711BBC4CE100030464 /* InboxViewController.swift */,
				8D709B731BBC54C200030464 /* MessageContainerViewController.swift */,
				8D94532E1BBC47B3000F123D /* Main.storyboard */,
				8D9453581BBC48C6000F123D /* Supporting Files */,
			);
			path = Mailbox;
			sourceTree = "<group>";
		};
		8D94533E1BBC47B3000F123D /* MailboxTests */ = {
			isa = PBXGroup;
			children = (
				8D94533F1BBC47B3000F123D /* MailboxTests.swift */,
				8D9453411BBC47B3000F123D /* Info.plist */,
			);
			path = MailboxTests;
			sourceTree = "<group>";
		};
		8D9453491BBC47B3000F123D /* MailboxUITests */ = {
			isa = PBXGroup;
			children = (
				8D94534A1BBC47B3000F123D /* MailboxUITests.swift */,
				8D94534C1BBC47B3000F123D /* Info.plist */,
			);
			path = MailboxUITests;
			sourceTree = "<group>";
		};
		8D9453581BBC48C6000F123D /* Supporting Files */ = {
			isa = PBXGroup;
			children = (
				8D9453311BBC47B3000F123D /* Assets.xcassets */,
				8D94532A1BBC47B3000F123D /* AppDelegate.swift */,
				8D9453361BBC47B3000F123D /* Info.plist */,
			);
			name = "Supporting Files";
			sourceTree = "<group>";
		};
/* End PBXGroup section */

/* Begin PBXNativeTarget section */
		8D9453261BBC47B3000F123D /* Mailbox */ = {
			isa = PBXNativeTarget;
			buildConfigurationList = 8D94534F1BBC47B3000F123D /* Build configuration list for PBXNativeTarget "Mailbox" */;
			buildPhases = (
				8D9453231BBC47B3000F123D /* Sources */,
				8D9453241BBC47B3000F123D /* Frameworks */,
				8D9453251BBC47B3000F123D /* Resources */,
			);
			buildRules = (
			);
			dependencies = (
			);
			name = Mailbox;
			productName = Mailbox;
			productReference = 8D9453271BBC47B3000F123D /* Mailbox.app */;
			productType = "com.apple.product-type.application";
		};
		8D94533A1BBC47B3000F123D /* MailboxTests */ = {
			isa = PBXNativeTarget;
			buildConfigurationList = 8D9453521BBC47B3000F123D /* Build configuration list for PBXNativeTarget "MailboxTests" */;
			buildPhases = (
				8D9453371BBC47B3000F123D /* Sources */,
				8D9453381BBC47B3000F123D /* Frameworks */,
				8D9453391BBC47B3000F123D /* Resources */,
			);
			buildRules = (
			);
			dependencies = (
				8D94533D1BBC47B3000F123D /* PBXTargetDependency */,
			);
			name = MailboxTests;
			productName = MailboxTests;
			productReference = 8D94533B1BBC47B3000F123D /* MailboxTests.xctest */;
			productType = "com.apple.product-type.bundle.unit-test";
		};
		8D9453451BBC47B3000F123D /* MailboxUITests */ = {
			isa = PBXNativeTarget;
			buildConfigurationList = 8D9453551BBC47B3000F123D /* Build configuration list for PBXNativeTarget "MailboxUITests" */;
			buildPhases = (
				8D9453421BBC47B3000F123D /* Sources */,
				8D9453431BBC47B3000F123D /* Frameworks */,
				8D9453441BBC47B3000F123D /* Resources */,
			);
			buildRules = (
			);
			dependencies = (
				8D9453481BBC47B3000F123D /* PBXTargetDependency */,
			);
			name = MailboxUITests;
			productName = MailboxUITests;
			productReference = 8D9453461BBC47B3000F123D /* MailboxUITests.xctest */;
			productType = "com.apple.product-type.bundle.ui-testing";
		};
/* End PBXNativeTarget section */

/* Begin PBXProject section */
		8D94531F1BBC47B3000F123D /* Project object */ = {
			isa = PBXProject;
			attributes = {
				LastUpgradeCheck = 0710;
				ORGANIZATIONNAME = "Matthew Sniff";
				TargetAttributes = {
					8D9453261BBC47B3000F123D = {
						CreatedOnToolsVersion = 7.1;
					};
					8D94533A1BBC47B3000F123D = {
						CreatedOnToolsVersion = 7.1;
						TestTargetID = 8D9453261BBC47B3000F123D;
					};
					8D9453451BBC47B3000F123D = {
						CreatedOnToolsVersion = 7.1;
						TestTargetID = 8D9453261BBC47B3000F123D;
					};
				};
			};
			buildConfigurationList = 8D9453221BBC47B3000F123D /* Build configuration list for PBXProject "Mailbox" */;
			compatibilityVersion = "Xcode 3.2";
			developmentRegion = English;
			hasScannedForEncodings = 0;
			knownRegions = (
				en,
				Base,
			);
			mainGroup = 8D94531E1BBC47B3000F123D;
			productRefGroup = 8D9453281BBC47B3000F123D /* Products */;
			projectDirPath = "";
			projectRoot = "";
			targets = (
				8D9453261BBC47B3000F123D /* Mailbox */,
				8D94533A1BBC47B3000F123D /* MailboxTests */,
				8D9453451BBC47B3000F123D /* MailboxUITests */,
			);
		};
/* End PBXProject section */

/* Begin PBXResourcesBuildPhase section */
		8D9453251BBC47B3000F123D /* Resources */ = {
			isa = PBXResourcesBuildPhase;
			buildActionMask = 2147483647;
			files = (
				8D9453321BBC47B3000F123D /* Assets.xcassets in Resources */,
				8D9453301BBC47B3000F123D /* Main.storyboard in Resources */,
			);
			runOnlyForDeploymentPostprocessing = 0;
		};
		8D9453391BBC47B3000F123D /* Resources */ = {
			isa = PBXResourcesBuildPhase;
			buildActionMask = 2147483647;
			files = (
			);
			runOnlyForDeploymentPostprocessing = 0;
		};
		8D9453441BBC47B3000F123D /* Resources */ = {
			isa = PBXResourcesBuildPhase;
			buildActionMask = 2147483647;
			files = (
			);
			runOnlyForDeploymentPostprocessing = 0;
		};
/* End PBXResourcesBuildPhase section */

/* Begin PBXSourcesBuildPhase section */
		8D9453231BBC47B3000F123D /* Sources */ = {
			isa = PBXSourcesBuildPhase;
			buildActionMask = 2147483647;
			files = (
				8D94532B1BBC47B3000F123D /* AppDelegate.swift in Sources */,
				8D709B761BBC6BF200030464 /* MainContainerViewController.swift in Sources */,
				8D709B721BBC4CE100030464 /* InboxViewController.swift in Sources */,
				8D709B741BBC54C200030464 /* MessageContainerViewController.swift in Sources */,
			);
			runOnlyForDeploymentPostprocessing = 0;
		};
		8D9453371BBC47B3000F123D /* Sources */ = {
			isa = PBXSourcesBuildPhase;
			buildActionMask = 2147483647;
			files = (
				8D9453401BBC47B3000F123D /* MailboxTests.swift in Sources */,
			);
			runOnlyForDeploymentPostprocessing = 0;
		};
		8D9453421BBC47B3000F123D /* Sources */ = {
			isa = PBXSourcesBuildPhase;
			buildActionMask = 2147483647;
			files = (
				8D94534B1BBC47B3000F123D /* MailboxUITests.swift in Sources */,
			);
			runOnlyForDeploymentPostprocessing = 0;
		};
/* End PBXSourcesBuildPhase section */

/* Begin PBXTargetDependency section */
		8D94533D1BBC47B3000F123D /* PBXTargetDependency */ = {
			isa = PBXTargetDependency;
			target = 8D9453261BBC47B3000F123D /* Mailbox */;
			targetProxy = 8D94533C1BBC47B3000F123D /* PBXContainerItemProxy */;
		};
		8D9453481BBC47B3000F123D /* PBXTargetDependency */ = {
			isa = PBXTargetDependency;
			target = 8D9453261BBC47B3000F123D /* Mailbox */;
			targetProxy = 8D9453471BBC47B3000F123D /* PBXContainerItemProxy */;
		};
/* End PBXTargetDependency section */

/* Begin PBXVariantGroup section */
		8D94532E1BBC47B3000F123D /* Main.storyboard */ = {
			isa = PBXVariantGroup;
			children = (
				8D94532F1BBC47B3000F123D /* Base */,
			);
			name = Main.storyboard;
			sourceTree = "<group>";
		};
/* End PBXVariantGroup section */

/* Begin XCBuildConfiguration section */
		8D94534D1BBC47B3000F123D /* Debug */ = {
			isa = XCBuildConfiguration;
			buildSettings = {
				ALWAYS_SEARCH_USER_PATHS = NO;
				CLANG_CXX_LANGUAGE_STANDARD = "gnu++0x";
				CLANG_CXX_LIBRARY = "libc++";
				CLANG_ENABLE_MODULES = YES;
				CLANG_ENABLE_OBJC_ARC = YES;
				CLANG_WARN_BOOL_CONVERSION = YES;
				CLANG_WARN_CONSTANT_CONVERSION = YES;
				CLANG_WARN_DIRECT_OBJC_ISA_USAGE = YES_ERROR;
				CLANG_WARN_EMPTY_BODY = YES;
				CLANG_WARN_ENUM_CONVERSION = YES;
				CLANG_WARN_INT_CONVERSION = YES;
				CLANG_WARN_OBJC_ROOT_CLASS = YES_ERROR;
				CLANG_WARN_UNREACHABLE_CODE = YES;
				CLANG_WARN__DUPLICATE_METHOD_MATCH = YES;
				"CODE_SIGN_IDENTITY[sdk=iphoneos*]" = "iPhone Developer";
				COPY_PHASE_STRIP = NO;
				DEBUG_INFORMATION_FORMAT = dwarf;
				ENABLE_STRICT_OBJC_MSGSEND = YES;
				ENABLE_TESTABILITY = YES;
				GCC_C_LANGUAGE_STANDARD = gnu99;
				GCC_DYNAMIC_NO_PIC = NO;
				GCC_NO_COMMON_BLOCKS = YES;
				GCC_OPTIMIZATION_LEVEL = 0;
				GCC_PREPROCESSOR_DEFINITIONS = (
					"DEBUG=1",
					"$(inherited)",
				);
				GCC_WARN_64_TO_32_BIT_CONVERSION = YES;
				GCC_WARN_ABOUT_RETURN_TYPE = YES_ERROR;
				GCC_WARN_UNDECLARED_SELECTOR = YES;
				GCC_WARN_UNINITIALIZED_AUTOS = YES_AGGRESSIVE;
				GCC_WARN_UNUSED_FUNCTION = YES;
				GCC_WARN_UNUSED_VARIABLE = YES;
				IPHONEOS_DEPLOYMENT_TARGET = 9.1;
				MTL_ENABLE_DEBUG_INFO = YES;
				ONLY_ACTIVE_ARCH = YES;
				SDKROOT = iphoneos;
				SWIFT_OPTIMIZATION_LEVEL = "-Onone";
				TARGETED_DEVICE_FAMILY = 2;
			};
			name = Debug;
		};
		8D94534E1BBC47B3000F123D /* Release */ = {
			isa = XCBuildConfiguration;
			buildSettings = {
				ALWAYS_SEARCH_USER_PATHS = NO;
				CLANG_CXX_LANGUAGE_STANDARD = "gnu++0x";
				CLANG_CXX_LIBRARY = "libc++";
				CLANG_ENABLE_MODULES = YES;
				CLANG_ENABLE_OBJC_ARC = YES;
				CLANG_WARN_BOOL_CONVERSION = YES;
				CLANG_WARN_CONSTANT_CONVERSION = YES;
				CLANG_WARN_DIRECT_OBJC_ISA_USAGE = YES_ERROR;
				CLANG_WARN_EMPTY_BODY = YES;
				CLANG_WARN_ENUM_CONVERSION = YES;
				CLANG_WARN_INT_CONVERSION = YES;
				CLANG_WARN_OBJC_ROOT_CLASS = YES_ERROR;
				CLANG_WARN_UNREACHABLE_CODE = YES;
				CLANG_WARN__DUPLICATE_METHOD_MATCH = YES;
				"CODE_SIGN_IDENTITY[sdk=iphoneos*]" = "iPhone Developer";
				COPY_PHASE_STRIP = NO;
				DEBUG_INFORMATION_FORMAT = "dwarf-with-dsym";
				ENABLE_NS_ASSERTIONS = NO;
				ENABLE_STRICT_OBJC_MSGSEND = YES;
				GCC_C_LANGUAGE_STANDARD = gnu99;
				GCC_NO_COMMON_BLOCKS = YES;
				GCC_WARN_64_TO_32_BIT_CONVERSION = YES;
				GCC_WARN_ABOUT_RETURN_TYPE = YES_ERROR;
				GCC_WARN_UNDECLARED_SELECTOR = YES;
				GCC_WARN_UNINITIALIZED_AUTOS = YES_AGGRESSIVE;
				GCC_WARN_UNUSED_FUNCTION = YES;
				GCC_WARN_UNUSED_VARIABLE = YES;
				IPHONEOS_DEPLOYMENT_TARGET = 9.1;
				MTL_ENABLE_DEBUG_INFO = NO;
				SDKROOT = iphoneos;
				TARGETED_DEVICE_FAMILY = 2;
				VALIDATE_PRODUCT = YES;
			};
			name = Release;
		};
		8D9453501BBC47B3000F123D /* Debug */ = {
			isa = XCBuildConfiguration;
			buildSettings = {
				ASSETCATALOG_COMPILER_APPICON_NAME = AppIcon;
				ASSETCATALOG_COMPILER_LAUNCHIMAGE_NAME = LaunchImage;
				INFOPLIST_FILE = Mailbox/Info.plist;
				LD_RUNPATH_SEARCH_PATHS = "$(inherited) @executable_path/Frameworks";
				PRODUCT_BUNDLE_IDENTIFIER = com.mailbox.mailbox.Mailbox;
				PRODUCT_NAME = "$(TARGET_NAME)";
				TARGETED_DEVICE_FAMILY = 1;
			};
			name = Debug;
		};
		8D9453511BBC47B3000F123D /* Release */ = {
			isa = XCBuildConfiguration;
			buildSettings = {
				ASSETCATALOG_COMPILER_APPICON_NAME = AppIcon;
				ASSETCATALOG_COMPILER_LAUNCHIMAGE_NAME = LaunchImage;
				INFOPLIST_FILE = Mailbox/Info.plist;
				LD_RUNPATH_SEARCH_PATHS = "$(inherited) @executable_path/Frameworks";
				PRODUCT_BUNDLE_IDENTIFIER = com.mailbox.mailbox.Mailbox;
				PRODUCT_NAME = "$(TARGET_NAME)";
				TARGETED_DEVICE_FAMILY = 1;
			};
			name = Release;
		};
		8D9453531BBC47B3000F123D /* Debug */ = {
			isa = XCBuildConfiguration;
			buildSettings = {
				BUNDLE_LOADER = "$(TEST_HOST)";
				INFOPLIST_FILE = MailboxTests/Info.plist;
				LD_RUNPATH_SEARCH_PATHS = "$(inherited) @executable_path/Frameworks @loader_path/Frameworks";
				PRODUCT_BUNDLE_IDENTIFIER = com.mailbox.mailbox.MailboxTests;
				PRODUCT_NAME = "$(TARGET_NAME)";
				TEST_HOST = "$(BUILT_PRODUCTS_DIR)/Mailbox.app/Mailbox";
			};
			name = Debug;
		};
		8D9453541BBC47B3000F123D /* Release */ = {
			isa = XCBuildConfiguration;
			buildSettings = {
				BUNDLE_LOADER = "$(TEST_HOST)";
				INFOPLIST_FILE = MailboxTests/Info.plist;
				LD_RUNPATH_SEARCH_PATHS = "$(inherited) @executable_path/Frameworks @loader_path/Frameworks";
				PRODUCT_BUNDLE_IDENTIFIER = com.mailbox.mailbox.MailboxTests;
				PRODUCT_NAME = "$(TARGET_NAME)";
				TEST_HOST = "$(BUILT_PRODUCTS_DIR)/Mailbox.app/Mailbox";
			};
			name = Release;
		};
		8D9453561BBC47B3000F123D /* Debug */ = {
			isa = XCBuildConfiguration;
			buildSettings = {
				INFOPLIST_FILE = MailboxUITests/Info.plist;
				LD_RUNPATH_SEARCH_PATHS = "$(inherited) @executable_path/Frameworks @loader_path/Frameworks";
				PRODUCT_BUNDLE_IDENTIFIER = com.mailbox.mailbox.MailboxUITests;
				PRODUCT_NAME = "$(TARGET_NAME)";
				TEST_TARGET_NAME = Mailbox;
				USES_XCTRUNNER = YES;
			};
			name = Debug;
		};
		8D9453571BBC47B3000F123D /* Release */ = {
			isa = XCBuildConfiguration;
			buildSettings = {
				INFOPLIST_FILE = MailboxUITests/Info.plist;
				LD_RUNPATH_SEARCH_PATHS = "$(inherited) @executable_path/Frameworks @loader_path/Frameworks";
				PRODUCT_BUNDLE_IDENTIFIER = com.mailbox.mailbox.MailboxUITests;
				PRODUCT_NAME = "$(TARGET_NAME)";
				TEST_TARGET_NAME = Mailbox;
				USES_XCTRUNNER = YES;
			};
			name = Release;
		};
/* End XCBuildConfiguration section */

/* Begin XCConfigurationList section */
		8D9453221BBC47B3000F123D /* Build configuration list for PBXProject "Mailbox" */ = {
			isa = XCConfigurationList;
			buildConfigurations = (
				8D94534D1BBC47B3000F123D /* Debug */,
				8D94534E1BBC47B3000F123D /* Release */,
			);
			defaultConfigurationIsVisible = 0;
			defaultConfigurationName = Release;
		};
		8D94534F1BBC47B3000F123D /* Build configuration list for PBXNativeTarget "Mailbox" */ = {
			isa = XCConfigurationList;
			buildConfigurations = (
				8D9453501BBC47B3000F123D /* Debug */,
				8D9453511BBC47B3000F123D /* Release */,
			);
			defaultConfigurationIsVisible = 0;
			defaultConfigurationName = Release;
		};
		8D9453521BBC47B3000F123D /* Build configuration list for PBXNativeTarget "MailboxTests" */ = {
			isa = XCConfigurationList;
			buildConfigurations = (
				8D9453531BBC47B3000F123D /* Debug */,
				8D9453541BBC47B3000F123D /* Release */,
			);
			defaultConfigurationIsVisible = 0;
			defaultConfigurationName = Release;
		};
		8D9453551BBC47B3000F123D /* Build configuration list for PBXNativeTarget "MailboxUITests" */ = {
			isa = XCConfigurationList;
			buildConfigurations = (
				8D9453561BBC47B3000F123D /* Debug */,
				8D9453571BBC47B3000F123D /* Release */,
			);
			defaultConfigurationIsVisible = 0;
			defaultConfigurationName = Release;
		};
/* End XCConfigurationList section */
	};
	rootObject = 8D94531F1BBC47B3000F123D /* Project object */;
}
